# This file is automatically @generated by Cargo.
# It is not intended for manual editing.
version = 4

[[package]]
name = "nyx-cli"
version = "0.1.0"

[[package]]
name = "nyx-core"
version = "0.1.0"

[[package]]
name = "nyx-iced"
version = "0.1.0"

[[package]]
name = "nyx-prelude"
version = "0.1.0"
dependencies = [
 "nyx-core",
]

[[package]]
name = "nyx-seq"
version = "0.1.0"
